
Microsoft Visual Studio Solution File, Format Version 12.00
# Visual Studio 15
VisualStudioVersion = 15.0.28307.779
MinimumVisualStudioVersion = 10.0.40219.1
Project("{FAE04EC0-301F-11D3-BF4B-00C04F79EFBC}") = "ChromeDecryptorV2", "ChromeDecryptorV2\ChromeDecryptorV2.csproj", "{302FB6E4-25A6-42A0-912F-38636E243253}"
EndProject
Global
	GlobalSection(SolutionConfigurationPlatforms) = preSolution
		Debug|Any CPU = Debug|Any CPU
		Release|Any CPU = Release|Any CPU
	EndGlobalSection
	GlobalSection(ProjectConfigurationPlatforms) = postSolution
		{302FB6E4-25A6-42A0-912F-38636E243253}.Debug|Any CPU.ActiveCfg = Debug|Any CPU
		{302FB6E4-25A6-42A0-912F-38636E243253}.Debug|Any CPU.Build.0 = Debug|Any CPU
		{302FB6E4-25A6-42A0-912F-38636E243253}.Release|Any CPU.ActiveCfg = Release|Any CPU
		{302FB6E4-25A6-42A0-912F-38636E243253}.Release|Any CPU.Build.0 = Release|Any CPU
	EndGlobalSection
	GlobalSection(SolutionProperties) = preSolution
		HideSolutionNode = FALSE
	EndGlobalSection
	GlobalSection(ExtensibilityGlobals) = postSolution
		SolutionGuid = {B828D3DF-970D-43E3-ABE3-5CCADB9E3B16}
	EndGlobalSection
EndGlobal
